
Microsoft Visual Studio Solution File, Format Version 12.00
# Visual Studio 15
VisualStudioVersion = 15.0.28307.1062
MinimumVisualStudioVersion = 10.0.40219.1
Project("{FAE04EC0-301F-11D3-BF4B-00C04F79EFBC}") = "Common", "Common\Common.csproj", "{D28BAD7F-003B-446B-A018-68F233656D25}"
EndProject
Project("{2150E333-8FDC-42A3-9474-1A3956D46DE8}") = "Diagrams", "Diagrams", "{DE8C8630-2B3E-4570-BA68-98BFC003A86C}"
	ProjectSection(SolutionItems) = preProject
		..\..\..\..\Desktop\RES.EAP = ..\..\..\..\Desktop\RES.EAP
	EndProjectSection
EndProject
Project("{FAE04EC0-301F-11D3-BF4B-00C04F79EFBC}") = "Input", "Input\Input.csproj", "{80B54FF3-A213-4601-B64E-A3E45CD9ADFF}"
EndProject
Project("{FAE04EC0-301F-11D3-BF4B-00C04F79EFBC}") = "InputTest", "InputTest\InputTest.csproj", "{F81ECB2A-96CE-4B8F-86CA-4B0C87FDCB74}"
EndProject
Project("{FAE04EC0-301F-11D3-BF4B-00C04F79EFBC}") = "LoggerTest", "LoggerTest\LoggerTest.csproj", "{B4905400-100B-4863-8EBF-0F3DDF25F20B}"
EndProject
Project("{FAE04EC0-301F-11D3-BF4B-00C04F79EFBC}") = "Logger", "Logger\Logger.csproj", "{742BFB32-7B79-417F-B78C-8D7B17A99118}"
EndProject
Project("{FAE04EC0-301F-11D3-BF4B-00C04F79EFBC}") = "Module1", "Module1\Module1.csproj", "{138C0637-E687-4568-9FA5-B92F8CD1F4B2}"
EndProject
Project("{FAE04EC0-301F-11D3-BF4B-00C04F79EFBC}") = "Module1Test", "Module1Test\Module1Test.csproj", "{2AA5C6FC-AE9B-4389-B804-7BB46B172B7F}"
EndProject
Project("{FAE04EC0-301F-11D3-BF4B-00C04F79EFBC}") = "Module2", "Module2\Module2.csproj", "{7444B271-FA3B-4F07-A38B-DFAD3C1E9C4F}"
EndProject
Project("{FAE04EC0-301F-11D3-BF4B-00C04F79EFBC}") = "Module2Test", "Module2Test\Module2Test.csproj", "{F8FEF2B1-9678-4E74-96C0-CA606AAE5318}"
EndProject
Project("{FAE04EC0-301F-11D3-BF4B-00C04F79EFBC}") = "ControlConsole", "ControlConsole\ControlConsole.csproj", "{49BA9721-CF8C-48DC-AEF3-0EA7B782967D}"
EndProject
Global
	GlobalSection(SolutionConfigurationPlatforms) = preSolution
		Debug|Any CPU = Debug|Any CPU
		Release|Any CPU = Release|Any CPU
	EndGlobalSection
	GlobalSection(ProjectConfigurationPlatforms) = postSolution
		{D28BAD7F-003B-446B-A018-68F233656D25}.Debug|Any CPU.ActiveCfg = Debug|Any CPU
		{D28BAD7F-003B-446B-A018-68F233656D25}.Debug|Any CPU.Build.0 = Debug|Any CPU
		{D28BAD7F-003B-446B-A018-68F233656D25}.Release|Any CPU.ActiveCfg = Release|Any CPU
		{D28BAD7F-003B-446B-A018-68F233656D25}.Release|Any CPU.Build.0 = Release|Any CPU
		{80B54FF3-A213-4601-B64E-A3E45CD9ADFF}.Debug|Any CPU.ActiveCfg = Debug|Any CPU
		{80B54FF3-A213-4601-B64E-A3E45CD9ADFF}.Debug|Any CPU.Build.0 = Debug|Any CPU
		{80B54FF3-A213-4601-B64E-A3E45CD9ADFF}.Release|Any CPU.ActiveCfg = Release|Any CPU
		{80B54FF3-A213-4601-B64E-A3E45CD9ADFF}.Release|Any CPU.Build.0 = Release|Any CPU
		{F81ECB2A-96CE-4B8F-86CA-4B0C87FDCB74}.Debug|Any CPU.ActiveCfg = Debug|Any CPU
		{F81ECB2A-96CE-4B8F-86CA-4B0C87FDCB74}.Debug|Any CPU.Build.0 = Debug|Any CPU
		{F81ECB2A-96CE-4B8F-86CA-4B0C87FDCB74}.Release|Any CPU.ActiveCfg = Release|Any CPU
		{F81ECB2A-96CE-4B8F-86CA-4B0C87FDCB74}.Release|Any CPU.Build.0 = Release|Any CPU
		{B4905400-100B-4863-8EBF-0F3DDF25F20B}.Debug|Any CPU.ActiveCfg = Debug|Any CPU
		{B4905400-100B-4863-8EBF-0F3DDF25F20B}.Debug|Any CPU.Build.0 = Debug|Any CPU
		{B4905400-100B-4863-8EBF-0F3DDF25F20B}.Release|Any CPU.ActiveCfg = Release|Any CPU
		{B4905400-100B-4863-8EBF-0F3DDF25F20B}.Release|Any CPU.Build.0 = Release|Any CPU
		{742BFB32-7B79-417F-B78C-8D7B17A99118}.Debug|Any CPU.ActiveCfg = Debug|Any CPU
		{742BFB32-7B79-417F-B78C-8D7B17A99118}.Debug|Any CPU.Build.0 = Debug|Any CPU
		{742BFB32-7B79-417F-B78C-8D7B17A99118}.Release|Any CPU.ActiveCfg = Release|Any CPU
		{742BFB32-7B79-417F-B78C-8D7B17A99118}.Release|Any CPU.Build.0 = Release|Any CPU
		{138C0637-E687-4568-9FA5-B92F8CD1F4B2}.Debug|Any CPU.ActiveCfg = Debug|Any CPU
		{138C0637-E687-4568-9FA5-B92F8CD1F4B2}.Debug|Any CPU.Build.0 = Debug|Any CPU
		{138C0637-E687-4568-9FA5-B92F8CD1F4B2}.Release|Any CPU.ActiveCfg = Release|Any CPU
		{138C0637-E687-4568-9FA5-B92F8CD1F4B2}.Release|Any CPU.Build.0 = Release|Any CPU
		{2AA5C6FC-AE9B-4389-B804-7BB46B172B7F}.Debug|Any CPU.ActiveCfg = Debug|Any CPU
		{2AA5C6FC-AE9B-4389-B804-7BB46B172B7F}.Debug|Any CPU.Build.0 = Debug|Any CPU
		{2AA5C6FC-AE9B-4389-B804-7BB46B172B7F}.Release|Any CPU.ActiveCfg = Release|Any CPU
		{2AA5C6FC-AE9B-4389-B804-7BB46B172B7F}.Release|Any CPU.Build.0 = Release|Any CPU
		{7444B271-FA3B-4F07-A38B-DFAD3C1E9C4F}.Debug|Any CPU.ActiveCfg = Debug|Any CPU
		{7444B271-FA3B-4F07-A38B-DFAD3C1E9C4F}.Debug|Any CPU.Build.0 = Debug|Any CPU
		{7444B271-FA3B-4F07-A38B-DFAD3C1E9C4F}.Release|Any CPU.ActiveCfg = Release|Any CPU
		{7444B271-FA3B-4F07-A38B-DFAD3C1E9C4F}.Release|Any CPU.Build.0 = Release|Any CPU
		{F8FEF2B1-9678-4E74-96C0-CA606AAE5318}.Debug|Any CPU.ActiveCfg = Debug|Any CPU
		{F8FEF2B1-9678-4E74-96C0-CA606AAE5318}.Debug|Any CPU.Build.0 = Debug|Any CPU
		{F8FEF2B1-9678-4E74-96C0-CA606AAE5318}.Release|Any CPU.ActiveCfg = Release|Any CPU
		{F8FEF2B1-9678-4E74-96C0-CA606AAE5318}.Release|Any CPU.Build.0 = Release|Any CPU
		{49BA9721-CF8C-48DC-AEF3-0EA7B782967D}.Debug|Any CPU.ActiveCfg = Debug|Any CPU
		{49BA9721-CF8C-48DC-AEF3-0EA7B782967D}.Debug|Any CPU.Build.0 = Debug|Any CPU
		{49BA9721-CF8C-48DC-AEF3-0EA7B782967D}.Release|Any CPU.ActiveCfg = Release|Any CPU
		{49BA9721-CF8C-48DC-AEF3-0EA7B782967D}.Release|Any CPU.Build.0 = Release|Any CPU
	EndGlobalSection
	GlobalSection(SolutionProperties) = preSolution
		HideSolutionNode = FALSE
	EndGlobalSection
	GlobalSection(ExtensibilityGlobals) = postSolution
		SolutionGuid = {3FD40BE5-10BA-4CB9-8EF5-FDC246CF1453}
	EndGlobalSection
EndGlobal
