
Microsoft Visual Studio Solution File, Format Version 12.00
# Visual Studio 15
VisualStudioVersion = 15.0.28307.1062
MinimumVisualStudioVersion = 10.0.40219.1
Project("{FAE04EC0-301F-11D3-BF4B-00C04F79EFBC}") = "Common", "Common\Common.csproj", "{D28BAD7F-003B-446B-A018-68F233656D25}"
EndProject
Project("{2150E333-8FDC-42A3-9474-1A3956D46DE8}") = "Diagrams", "Diagrams", "{DE8C8630-2B3E-4570-BA68-98BFC003A86C}"
EndProject
Project("{FAE04EC0-301F-11D3-BF4B-00C04F79EFBC}") = "Logger", "Logger\Logger.csproj", "{742BFB32-7B79-417F-B78C-8D7B17A99118}"
EndProject
Global
	GlobalSection(SolutionConfigurationPlatforms) = preSolution
		Debug|Any CPU = Debug|Any CPU
		Release|Any CPU = Release|Any CPU
	EndGlobalSection
	GlobalSection(ProjectConfigurationPlatforms) = postSolution
		{D28BAD7F-003B-446B-A018-68F233656D25}.Debug|Any CPU.ActiveCfg = Debug|Any CPU
		{D28BAD7F-003B-446B-A018-68F233656D25}.Debug|Any CPU.Build.0 = Debug|Any CPU
		{D28BAD7F-003B-446B-A018-68F233656D25}.Release|Any CPU.ActiveCfg = Release|Any CPU
		{D28BAD7F-003B-446B-A018-68F233656D25}.Release|Any CPU.Build.0 = Release|Any CPU
		{742BFB32-7B79-417F-B78C-8D7B17A99118}.Debug|Any CPU.ActiveCfg = Debug|Any CPU
		{742BFB32-7B79-417F-B78C-8D7B17A99118}.Debug|Any CPU.Build.0 = Debug|Any CPU
		{742BFB32-7B79-417F-B78C-8D7B17A99118}.Release|Any CPU.ActiveCfg = Release|Any CPU
		{742BFB32-7B79-417F-B78C-8D7B17A99118}.Release|Any CPU.Build.0 = Release|Any CPU
	EndGlobalSection
	GlobalSection(SolutionProperties) = preSolution
		HideSolutionNode = FALSE
	EndGlobalSection
	GlobalSection(ExtensibilityGlobals) = postSolution
		SolutionGuid = {3FD40BE5-10BA-4CB9-8EF5-FDC246CF1453}
	EndGlobalSection
EndGlobal
